// !$*UTF8*$!
{
	archiveVersion = 1;
	classes = {
	};
	objectVersion = 46;
	objects = {

/* Begin PBXBuildFile section */
		80329C491BB1F2CD0010C6E9 /* main.m in Sources */ = {isa = PBXBuildFile; fileRef = 80329C481BB1F2CD0010C6E9 /* main.m */; };
		80329C4C1BB1F2CD0010C6E9 /* AppDelegate.m in Sources */ = {isa = PBXBuildFile; fileRef = 80329C4B1BB1F2CD0010C6E9 /* AppDelegate.m */; };
		80329C4F1BB1F2CD0010C6E9 /* ViewController.m in Sources */ = {isa = PBXBuildFile; fileRef = 80329C4E1BB1F2CD0010C6E9 /* ViewController.m */; };
		80329C521BB1F2CD0010C6E9 /* Main.storyboard in Resources */ = {isa = PBXBuildFile; fileRef = 80329C501BB1F2CD0010C6E9 /* Main.storyboard */; };
		80329C541BB1F2CD0010C6E9 /* Assets.xcassets in Resources */ = {isa = PBXBuildFile; fileRef = 80329C531BB1F2CD0010C6E9 /* Assets.xcassets */; };
		80329C571BB1F2CD0010C6E9 /* LaunchScreen.storyboard in Resources */ = {isa = PBXBuildFile; fileRef = 80329C551BB1F2CD0010C6E9 /* LaunchScreen.storyboard */; };
		80329C621BB1F2CD0010C6E9 /* ACEOperationTreeDemoTests.m in Sources */ = {isa = PBXBuildFile; fileRef = 80329C611BB1F2CD0010C6E9 /* ACEOperationTreeDemoTests.m */; };
		80329C6F1BB1F3240010C6E9 /* ACEOperationTree.m in Sources */ = {isa = PBXBuildFile; fileRef = 80329C6E1BB1F3240010C6E9 /* ACEOperationTree.m */; settings = {ASSET_TAGS = (); }; };
/* End PBXBuildFile section */

/* Begin PBXContainerItemProxy section */
		80329C5E1BB1F2CD0010C6E9 /* PBXContainerItemProxy */ = {
			isa = PBXContainerItemProxy;
			containerPortal = 80329C3C1BB1F2CD0010C6E9 /* Project object */;
			proxyType = 1;
			remoteGlobalIDString = 80329C431BB1F2CD0010C6E9;
			remoteInfo = ACEOperationTreeDemo;
		};
/* End PBXContainerItemProxy section */

/* Begin PBXFileReference section */
		80329C441BB1F2CD0010C6E9 /* ACEOperationTreeDemo.app */ = {isa = PBXFileReference; explicitFileType = wrapper.application; includeInIndex = 0; path = ACEOperationTreeDemo.app; sourceTree = BUILT_PRODUCTS_DIR; };
		80329C481BB1F2CD0010C6E9 /* main.m */ = {isa = PBXFileReference; lastKnownFileType = sourcecode.c.objc; path = main.m; sourceTree = "<group>"; };
		80329C4A1BB1F2CD0010C6E9 /* AppDelegate.h */ = {isa = PBXFileReference; lastKnownFileType = sourcecode.c.h; path = AppDelegate.h; sourceTree = "<group>"; };
		80329C4B1BB1F2CD0010C6E9 /* AppDelegate.m */ = {isa = PBXFileReference; lastKnownFileType = sourcecode.c.objc; path = AppDelegate.m; sourceTree = "<group>"; };
		80329C4D1BB1F2CD0010C6E9 /* ViewController.h */ = {isa = PBXFileReference; lastKnownFileType = sourcecode.c.h; path = ViewController.h; sourceTree = "<group>"; };
		80329C4E1BB1F2CD0010C6E9 /* ViewController.m */ = {isa = PBXFileReference; lastKnownFileType = sourcecode.c.objc; path = ViewController.m; sourceTree = "<group>"; };
		80329C511BB1F2CD0010C6E9 /* Base */ = {isa = PBXFileReference; lastKnownFileType = file.storyboard; name = Base; path = Base.lproj/Main.storyboard; sourceTree = "<group>"; };
		80329C531BB1F2CD0010C6E9 /* Assets.xcassets */ = {isa = PBXFileReference; lastKnownFileType = folder.assetcatalog; path = Assets.xcassets; sourceTree = "<group>"; };
		80329C561BB1F2CD0010C6E9 /* Base */ = {isa = PBXFileReference; lastKnownFileType = file.storyboard; name = Base; path = Base.lproj/LaunchScreen.storyboard; sourceTree = "<group>"; };
		80329C581BB1F2CD0010C6E9 /* Info.plist */ = {isa = PBXFileReference; lastKnownFileType = text.plist.xml; path = Info.plist; sourceTree = "<group>"; };
		80329C5D1BB1F2CD0010C6E9 /* ACEOperationTreeDemoTests.xctest */ = {isa = PBXFileReference; explicitFileType = wrapper.cfbundle; includeInIndex = 0; path = ACEOperationTreeDemoTests.xctest; sourceTree = BUILT_PRODUCTS_DIR; };
		80329C611BB1F2CD0010C6E9 /* ACEOperationTreeDemoTests.m */ = {isa = PBXFileReference; lastKnownFileType = sourcecode.c.objc; path = ACEOperationTreeDemoTests.m; sourceTree = "<group>"; };
		80329C631BB1F2CD0010C6E9 /* Info.plist */ = {isa = PBXFileReference; lastKnownFileType = text.plist.xml; path = Info.plist; sourceTree = "<group>"; };
		80329C6D1BB1F3240010C6E9 /* ACEOperationTree.h */ = {isa = PBXFileReference; fileEncoding = 4; lastKnownFileType = sourcecode.c.h; path = ACEOperationTree.h; sourceTree = "<group>"; };
		80329C6E1BB1F3240010C6E9 /* ACEOperationTree.m */ = {isa = PBXFileReference; fileEncoding = 4; lastKnownFileType = sourcecode.c.objc; path = ACEOperationTree.m; sourceTree = "<group>"; };
/* End PBXFileReference section */

/* Begin PBXFrameworksBuildPhase section */
		80329C411BB1F2CD0010C6E9 /* Frameworks */ = {
			isa = PBXFrameworksBuildPhase;
			buildActionMask = 2147483647;
			files = (
			);
			runOnlyForDeploymentPostprocessing = 0;
		};
		80329C5A1BB1F2CD0010C6E9 /* Frameworks */ = {
			isa = PBXFrameworksBuildPhase;
			buildActionMask = 2147483647;
			files = (
			);
			runOnlyForDeploymentPostprocessing = 0;
		};
/* End PBXFrameworksBuildPhase section */

/* Begin PBXGroup section */
		80329C3B1BB1F2CD0010C6E9 = {
			isa = PBXGroup;
			children = (
				80329C6C1BB1F3150010C6E9 /* ACEOperationTree */,
				80329C461BB1F2CD0010C6E9 /* ACEOperationTreeDemo */,
				80329C601BB1F2CD0010C6E9 /* ACEOperationTreeDemoTests */,
				80329C451BB1F2CD0010C6E9 /* Products */,
			);
			sourceTree = "<group>";
		};
		80329C451BB1F2CD0010C6E9 /* Products */ = {
			isa = PBXGroup;
			children = (
				80329C441BB1F2CD0010C6E9 /* ACEOperationTreeDemo.app */,
				80329C5D1BB1F2CD0010C6E9 /* ACEOperationTreeDemoTests.xctest */,
			);
			name = Products;
			sourceTree = "<group>";
		};
		80329C461BB1F2CD0010C6E9 /* ACEOperationTreeDemo */ = {
			isa = PBXGroup;
			children = (
				80329C4A1BB1F2CD0010C6E9 /* AppDelegate.h */,
				80329C4B1BB1F2CD0010C6E9 /* AppDelegate.m */,
				80329C4D1BB1F2CD0010C6E9 /* ViewController.h */,
				80329C4E1BB1F2CD0010C6E9 /* ViewController.m */,
				80329C501BB1F2CD0010C6E9 /* Main.storyboard */,
				80329C531BB1F2CD0010C6E9 /* Assets.xcassets */,
				80329C551BB1F2CD0010C6E9 /* LaunchScreen.storyboard */,
				80329C581BB1F2CD0010C6E9 /* Info.plist */,
				80329C471BB1F2CD0010C6E9 /* Supporting Files */,
			);
			path = ACEOperationTreeDemo;
			sourceTree = "<group>";
		};
		80329C471BB1F2CD0010C6E9 /* Supporting Files */ = {
			isa = PBXGroup;
			children = (
				80329C481BB1F2CD0010C6E9 /* main.m */,
			);
			name = "Supporting Files";
			sourceTree = "<group>";
		};
		80329C601BB1F2CD0010C6E9 /* ACEOperationTreeDemoTests */ = {
			isa = PBXGroup;
			children = (
				80329C611BB1F2CD0010C6E9 /* ACEOperationTreeDemoTests.m */,
				80329C631BB1F2CD0010C6E9 /* Info.plist */,
			);
			path = ACEOperationTreeDemoTests;
			sourceTree = "<group>";
		};
		80329C6C1BB1F3150010C6E9 /* ACEOperationTree */ = {
			isa = PBXGroup;
			children = (
				80329C6D1BB1F3240010C6E9 /* ACEOperationTree.h */,
				80329C6E1BB1F3240010C6E9 /* ACEOperationTree.m */,
			);
			path = ACEOperationTree;
			sourceTree = "<group>";
		};
/* End PBXGroup section */

/* Begin PBXNativeTarget section */
		80329C431BB1F2CD0010C6E9 /* ACEOperationTreeDemo */ = {
			isa = PBXNativeTarget;
			buildConfigurationList = 80329C661BB1F2CD0010C6E9 /* Build configuration list for PBXNativeTarget "ACEOperationTreeDemo" */;
			buildPhases = (
				80329C401BB1F2CD0010C6E9 /* Sources */,
				80329C411BB1F2CD0010C6E9 /* Frameworks */,
				80329C421BB1F2CD0010C6E9 /* Resources */,
			);
			buildRules = (
			);
			dependencies = (
			);
			name = ACEOperationTreeDemo;
			productName = ACEOperationTreeDemo;
			productReference = 80329C441BB1F2CD0010C6E9 /* ACEOperationTreeDemo.app */;
			productType = "com.apple.product-type.application";
		};
		80329C5C1BB1F2CD0010C6E9 /* ACEOperationTreeDemoTests */ = {
			isa = PBXNativeTarget;
			buildConfigurationList = 80329C691BB1F2CD0010C6E9 /* Build configuration list for PBXNativeTarget "ACEOperationTreeDemoTests" */;
			buildPhases = (
				80329C591BB1F2CD0010C6E9 /* Sources */,
				80329C5A1BB1F2CD0010C6E9 /* Frameworks */,
				80329C5B1BB1F2CD0010C6E9 /* Resources */,
			);
			buildRules = (
			);
			dependencies = (
				80329C5F1BB1F2CD0010C6E9 /* PBXTargetDependency */,
			);
			name = ACEOperationTreeDemoTests;
			productName = ACEOperationTreeDemoTests;
			productReference = 80329C5D1BB1F2CD0010C6E9 /* ACEOperationTreeDemoTests.xctest */;
			productType = "com.apple.product-type.bundle.unit-test";
		};
/* End PBXNativeTarget section */

/* Begin PBXProject section */
		80329C3C1BB1F2CD0010C6E9 /* Project object */ = {
			isa = PBXProject;
			attributes = {
				LastUpgradeCheck = 0700;
				ORGANIZATIONNAME = "Stefano Acerbetti";
				TargetAttributes = {
					80329C431BB1F2CD0010C6E9 = {
						CreatedOnToolsVersion = 7.0;
					};
					80329C5C1BB1F2CD0010C6E9 = {
						CreatedOnToolsVersion = 7.0;
						TestTargetID = 80329C431BB1F2CD0010C6E9;
					};
				};
			};
			buildConfigurationList = 80329C3F1BB1F2CD0010C6E9 /* Build configuration list for PBXProject "ACEOperationTreeDemo" */;
			compatibilityVersion = "Xcode 3.2";
			developmentRegion = English;
			hasScannedForEncodings = 0;
			knownRegions = (
				en,
				Base,
			);
			mainGroup = 80329C3B1BB1F2CD0010C6E9;
			productRefGroup = 80329C451BB1F2CD0010C6E9 /* Products */;
			projectDirPath = "";
			projectRoot = "";
			targets = (
				80329C431BB1F2CD0010C6E9 /* ACEOperationTreeDemo */,
				80329C5C1BB1F2CD0010C6E9 /* ACEOperationTreeDemoTests */,
			);
		};
/* End PBXProject section */

/* Begin PBXResourcesBuildPhase section */
		80329C421BB1F2CD0010C6E9 /* Resources */ = {
			isa = PBXResourcesBuildPhase;
			buildActionMask = 2147483647;
			files = (
				80329C571BB1F2CD0010C6E9 /* LaunchScreen.storyboard in Resources */,
				80329C541BB1F2CD0010C6E9 /* Assets.xcassets in Resources */,
				80329C521BB1F2CD0010C6E9 /* Main.storyboard in Resources */,
			);
			runOnlyForDeploymentPostprocessing = 0;
		};
		80329C5B1BB1F2CD0010C6E9 /* Resources */ = {
			isa = PBXResourcesBuildPhase;
			buildActionMask = 2147483647;
			files = (
			);
			runOnlyForDeploymentPostprocessing = 0;
		};
/* End PBXResourcesBuildPhase section */

/* Begin PBXSourcesBuildPhase section */
		80329C401BB1F2CD0010C6E9 /* Sources */ = {
			isa = PBXSourcesBuildPhase;
			buildActionMask = 2147483647;
			files = (
				80329C4F1BB1F2CD0010C6E9 /* ViewController.m in Sources */,
				80329C4C1BB1F2CD0010C6E9 /* AppDelegate.m in Sources */,
				80329C491BB1F2CD0010C6E9 /* main.m in Sources */,
				80329C6F1BB1F3240010C6E9 /* ACEOperationTree.m in Sources */,
			);
			runOnlyForDeploymentPostprocessing = 0;
		};
		80329C591BB1F2CD0010C6E9 /* Sources */ = {
			isa = PBXSourcesBuildPhase;
			buildActionMask = 2147483647;
			files = (
				80329C621BB1F2CD0010C6E9 /* ACEOperationTreeDemoTests.m in Sources */,
			);
			runOnlyForDeploymentPostprocessing = 0;
		};
/* End PBXSourcesBuildPhase section */

/* Begin PBXTargetDependency section */
		80329C5F1BB1F2CD0010C6E9 /* PBXTargetDependency */ = {
			isa = PBXTargetDependency;
			target = 80329C431BB1F2CD0010C6E9 /* ACEOperationTreeDemo */;
			targetProxy = 80329C5E1BB1F2CD0010C6E9 /* PBXContainerItemProxy */;
		};
/* End PBXTargetDependency section */

/* Begin PBXVariantGroup section */
		80329C501BB1F2CD0010C6E9 /* Main.storyboard */ = {
			isa = PBXVariantGroup;
			children = (
				80329C511BB1F2CD0010C6E9 /* Base */,
			);
			name = Main.storyboard;
			sourceTree = "<group>";
		};
		80329C551BB1F2CD0010C6E9 /* LaunchScreen.storyboard */ = {
			isa = PBXVariantGroup;
			children = (
				80329C561BB1F2CD0010C6E9 /* Base */,
			);
			name = LaunchScreen.storyboard;
			sourceTree = "<group>";
		};
/* End PBXVariantGroup section */

/* Begin XCBuildConfiguration section */
		80329C641BB1F2CD0010C6E9 /* Debug */ = {
			isa = XCBuildConfiguration;
			buildSettings = {
				ALWAYS_SEARCH_USER_PATHS = NO;
				CLANG_CXX_LANGUAGE_STANDARD = "gnu++0x";
				CLANG_CXX_LIBRARY = "libc++";
				CLANG_ENABLE_MODULES = YES;
				CLANG_ENABLE_OBJC_ARC = YES;
				CLANG_WARN_BOOL_CONVERSION = YES;
				CLANG_WARN_CONSTANT_CONVERSION = YES;
				CLANG_WARN_DIRECT_OBJC_ISA_USAGE = YES_ERROR;
				CLANG_WARN_EMPTY_BODY = YES;
				CLANG_WARN_ENUM_CONVERSION = YES;
				CLANG_WARN_INT_CONVERSION = YES;
				CLANG_WARN_OBJC_ROOT_CLASS = YES_ERROR;
				CLANG_WARN_UNREACHABLE_CODE = YES;
				CLANG_WARN__DUPLICATE_METHOD_MATCH = YES;
				"CODE_SIGN_IDENTITY[sdk=iphoneos*]" = "iPhone Developer";
				COPY_PHASE_STRIP = NO;
				DEBUG_INFORMATION_FORMAT = dwarf;
				ENABLE_STRICT_OBJC_MSGSEND = YES;
				ENABLE_TESTABILITY = YES;
				GCC_C_LANGUAGE_STANDARD = gnu99;
				GCC_DYNAMIC_NO_PIC = NO;
				GCC_NO_COMMON_BLOCKS = YES;
				GCC_OPTIMIZATION_LEVEL = 0;
				GCC_PREPROCESSOR_DEFINITIONS = (
					"DEBUG=1",
					"$(inherited)",
				);
				GCC_WARN_64_TO_32_BIT_CONVERSION = YES;
				GCC_WARN_ABOUT_RETURN_TYPE = YES_ERROR;
				GCC_WARN_UNDECLARED_SELECTOR = YES;
				GCC_WARN_UNINITIALIZED_AUTOS = YES_AGGRESSIVE;
				GCC_WARN_UNUSED_FUNCTION = YES;
				GCC_WARN_UNUSED_VARIABLE = YES;
				IPHONEOS_DEPLOYMENT_TARGET = 9.0;
				MTL_ENABLE_DEBUG_INFO = YES;
				ONLY_ACTIVE_ARCH = YES;
				SDKROOT = iphoneos;
			};
			name = Debug;
		};
		80329C651BB1F2CD0010C6E9 /* Release */ = {
			isa = XCBuildConfiguration;
			buildSettings = {
				ALWAYS_SEARCH_USER_PATHS = NO;
				CLANG_CXX_LANGUAGE_STANDARD = "gnu++0x";
				CLANG_CXX_LIBRARY = "libc++";
				CLANG_ENABLE_MODULES = YES;
				CLANG_ENABLE_OBJC_ARC = YES;
				CLANG_WARN_BOOL_CONVERSION = YES;
				CLANG_WARN_CONSTANT_CONVERSION = YES;
				CLANG_WARN_DIRECT_OBJC_ISA_USAGE = YES_ERROR;
				CLANG_WARN_EMPTY_BODY = YES;
				CLANG_WARN_ENUM_CONVERSION = YES;
				CLANG_WARN_INT_CONVERSION = YES;
				CLANG_WARN_OBJC_ROOT_CLASS = YES_ERROR;
				CLANG_WARN_UNREACHABLE_CODE = YES;
				CLANG_WARN__DUPLICATE_METHOD_MATCH = YES;
				"CODE_SIGN_IDENTITY[sdk=iphoneos*]" = "iPhone Developer";
				COPY_PHASE_STRIP = NO;
				DEBUG_INFORMATION_FORMAT = "dwarf-with-dsym";
				ENABLE_NS_ASSERTIONS = NO;
				ENABLE_STRICT_OBJC_MSGSEND = YES;
				GCC_C_LANGUAGE_STANDARD = gnu99;
				GCC_NO_COMMON_BLOCKS = YES;
				GCC_WARN_64_TO_32_BIT_CONVERSION = YES;
				GCC_WARN_ABOUT_RETURN_TYPE = YES_ERROR;
				GCC_WARN_UNDECLARED_SELECTOR = YES;
				GCC_WARN_UNINITIALIZED_AUTOS = YES_AGGRESSIVE;
				GCC_WARN_UNUSED_FUNCTION = YES;
				GCC_WARN_UNUSED_VARIABLE = YES;
				IPHONEOS_DEPLOYMENT_TARGET = 9.0;
				MTL_ENABLE_DEBUG_INFO = NO;
				SDKROOT = iphoneos;
				VALIDATE_PRODUCT = YES;
			};
			name = Release;
		};
		80329C671BB1F2CD0010C6E9 /* Debug */ = {
			isa = XCBuildConfiguration;
			buildSettings = {
				ASSETCATALOG_COMPILER_APPICON_NAME = AppIcon;
				INFOPLIST_FILE = ACEOperationTreeDemo/Info.plist;
				LD_RUNPATH_SEARCH_PATHS = "$(inherited) @executable_path/Frameworks";
				PRODUCT_BUNDLE_IDENTIFIER = com.acerbetti.ACEOperationTreeDemo;
				PRODUCT_NAME = "$(TARGET_NAME)";
			};
			name = Debug;
		};
		80329C681BB1F2CD0010C6E9 /* Release */ = {
			isa = XCBuildConfiguration;
			buildSettings = {
				ASSETCATALOG_COMPILER_APPICON_NAME = AppIcon;
				INFOPLIST_FILE = ACEOperationTreeDemo/Info.plist;
				LD_RUNPATH_SEARCH_PATHS = "$(inherited) @executable_path/Frameworks";
				PRODUCT_BUNDLE_IDENTIFIER = com.acerbetti.ACEOperationTreeDemo;
				PRODUCT_NAME = "$(TARGET_NAME)";
			};
			name = Release;
		};
		80329C6A1BB1F2CD0010C6E9 /* Debug */ = {
			isa = XCBuildConfiguration;
			buildSettings = {
				BUNDLE_LOADER = "$(TEST_HOST)";
				INFOPLIST_FILE = ACEOperationTreeDemoTests/Info.plist;
				LD_RUNPATH_SEARCH_PATHS = "$(inherited) @executable_path/Frameworks @loader_path/Frameworks";
				PRODUCT_BUNDLE_IDENTIFIER = com.acerbetti.ACEOperationTreeDemoTests;
				PRODUCT_NAME = "$(TARGET_NAME)";
				TEST_HOST = "$(BUILT_PRODUCTS_DIR)/ACEOperationTreeDemo.app/ACEOperationTreeDemo";
			};
			name = Debug;
		};
		80329C6B1BB1F2CD0010C6E9 /* Release */ = {
			isa = XCBuildConfiguration;
			buildSettings = {
				BUNDLE_LOADER = "$(TEST_HOST)";
				INFOPLIST_FILE = ACEOperationTreeDemoTests/Info.plist;
				LD_RUNPATH_SEARCH_PATHS = "$(inherited) @executable_path/Frameworks @loader_path/Frameworks";
				PRODUCT_BUNDLE_IDENTIFIER = com.acerbetti.ACEOperationTreeDemoTests;
				PRODUCT_NAME = "$(TARGET_NAME)";
				TEST_HOST = "$(BUILT_PRODUCTS_DIR)/ACEOperationTreeDemo.app/ACEOperationTreeDemo";
			};
			name = Release;
		};
/* End XCBuildConfiguration section */

/* Begin XCConfigurationList section */
		80329C3F1BB1F2CD0010C6E9 /* Build configuration list for PBXProject "ACEOperationTreeDemo" */ = {
			isa = XCConfigurationList;
			buildConfigurations = (
				80329C641BB1F2CD0010C6E9 /* Debug */,
				80329C651BB1F2CD0010C6E9 /* Release */,
			);
			defaultConfigurationIsVisible = 0;
			defaultConfigurationName = Release;
		};
		80329C661BB1F2CD0010C6E9 /* Build configuration list for PBXNativeTarget "ACEOperationTreeDemo" */ = {
			isa = XCConfigurationList;
			buildConfigurations = (
				80329C671BB1F2CD0010C6E9 /* Debug */,
				80329C681BB1F2CD0010C6E9 /* Release */,
			);
			defaultConfigurationIsVisible = 0;
			defaultConfigurationName = Release;
		};
		80329C691BB1F2CD0010C6E9 /* Build configuration list for PBXNativeTarget "ACEOperationTreeDemoTests" */ = {
			isa = XCConfigurationList;
			buildConfigurations = (
				80329C6A1BB1F2CD0010C6E9 /* Debug */,
				80329C6B1BB1F2CD0010C6E9 /* Release */,
			);
			defaultConfigurationIsVisible = 0;
			defaultConfigurationName = Release;
		};
/* End XCConfigurationList section */
	};
	rootObject = 80329C3C1BB1F2CD0010C6E9 /* Project object */;
}
